
Microsoft Visual Studio Solution File, Format Version 12.00
# Visual Studio 15
VisualStudioVersion = 15.0.28307.757
MinimumVisualStudioVersion = 10.0.40219.1
Project("{FAE04EC0-301F-11D3-BF4B-00C04F79EFBC}") = "CodeWars", "CodeWars\CodeWars.csproj", "{0723AC94-DA95-4FF1-8919-E7F0F10E10A9}"
EndProject
Project("{FAE04EC0-301F-11D3-BF4B-00C04F79EFBC}") = "TestCodeWars", "TestCodeWars\TestCodeWars.csproj", "{BC7347DB-A982-48CA-A4DC-429D54BB99BD}"
EndProject
Global
	GlobalSection(SolutionConfigurationPlatforms) = preSolution
		Debug|Any CPU = Debug|Any CPU
		Release|Any CPU = Release|Any CPU
	EndGlobalSection
	GlobalSection(ProjectConfigurationPlatforms) = postSolution
		{0723AC94-DA95-4FF1-8919-E7F0F10E10A9}.Debug|Any CPU.ActiveCfg = Debug|Any CPU
		{0723AC94-DA95-4FF1-8919-E7F0F10E10A9}.Debug|Any CPU.Build.0 = Debug|Any CPU
		{0723AC94-DA95-4FF1-8919-E7F0F10E10A9}.Release|Any CPU.ActiveCfg = Release|Any CPU
		{0723AC94-DA95-4FF1-8919-E7F0F10E10A9}.Release|Any CPU.Build.0 = Release|Any CPU
		{BC7347DB-A982-48CA-A4DC-429D54BB99BD}.Debug|Any CPU.ActiveCfg = Debug|Any CPU
		{BC7347DB-A982-48CA-A4DC-429D54BB99BD}.Debug|Any CPU.Build.0 = Debug|Any CPU
		{BC7347DB-A982-48CA-A4DC-429D54BB99BD}.Release|Any CPU.ActiveCfg = Release|Any CPU
		{BC7347DB-A982-48CA-A4DC-429D54BB99BD}.Release|Any CPU.Build.0 = Release|Any CPU
	EndGlobalSection
	GlobalSection(SolutionProperties) = preSolution
		HideSolutionNode = FALSE
	EndGlobalSection
	GlobalSection(ExtensibilityGlobals) = postSolution
		SolutionGuid = {3F4ECE49-B6AF-47E0-A085-FE018BE897C2}
	EndGlobalSection
EndGlobal
